
Microsoft Visual Studio Solution File, Format Version 12.00
# Visual Studio Version 16
VisualStudioVersion = 16.0.30709.132
MinimumVisualStudioVersion = 10.0.40219.1
Project("{FAE04EC0-301F-11D3-BF4B-00C04F79EFBC}") = "Program 2+", "Program 2+\Program 2+.csproj", "{97AFDE57-C572-4D81-9D3C-4A0EE45564B2}"
EndProject
Global
	GlobalSection(SolutionConfigurationPlatforms) = preSolution
		Debug|Any CPU = Debug|Any CPU
		Release|Any CPU = Release|Any CPU
	EndGlobalSection
	GlobalSection(ProjectConfigurationPlatforms) = postSolution
		{97AFDE57-C572-4D81-9D3C-4A0EE45564B2}.Debug|Any CPU.ActiveCfg = Debug|Any CPU
		{97AFDE57-C572-4D81-9D3C-4A0EE45564B2}.Debug|Any CPU.Build.0 = Debug|Any CPU
		{97AFDE57-C572-4D81-9D3C-4A0EE45564B2}.Release|Any CPU.ActiveCfg = Release|Any CPU
		{97AFDE57-C572-4D81-9D3C-4A0EE45564B2}.Release|Any CPU.Build.0 = Release|Any CPU
	EndGlobalSection
	GlobalSection(SolutionProperties) = preSolution
		HideSolutionNode = FALSE
	EndGlobalSection
	GlobalSection(ExtensibilityGlobals) = postSolution
		SolutionGuid = {8D4A6B26-E4B7-49FF-9D51-96AD8C38E0E8}
	EndGlobalSection
EndGlobal
